
Microsoft Visual Studio Solution File, Format Version 12.00
# Visual Studio 15
VisualStudioVersion = 15.0.28010.2003
MinimumVisualStudioVersion = 10.0.40219.1
Project("{8BC9CEB8-8B4A-11D0-8D11-00A0C91BC942}") = "TP2_Emile_Zachary", "TP2_Emile_Zachary.vcxproj", "{91E076C2-A62F-4299-9B4F-F306317181A6}"
EndProject
Global
	GlobalSection(SolutionConfigurationPlatforms) = preSolution
		Debug|x64 = Debug|x64
		Debug|x86 = Debug|x86
		Release|x64 = Release|x64
		Release|x86 = Release|x86
	EndGlobalSection
	GlobalSection(ProjectConfigurationPlatforms) = postSolution
		{91E076C2-A62F-4299-9B4F-F306317181A6}.Debug|x64.ActiveCfg = Debug|x64
		{91E076C2-A62F-4299-9B4F-F306317181A6}.Debug|x64.Build.0 = Debug|x64
		{91E076C2-A62F-4299-9B4F-F306317181A6}.Debug|x86.ActiveCfg = Debug|Win32
		{91E076C2-A62F-4299-9B4F-F306317181A6}.Debug|x86.Build.0 = Debug|Win32
		{91E076C2-A62F-4299-9B4F-F306317181A6}.Release|x64.ActiveCfg = Release|x64
		{91E076C2-A62F-4299-9B4F-F306317181A6}.Release|x64.Build.0 = Release|x64
		{91E076C2-A62F-4299-9B4F-F306317181A6}.Release|x86.ActiveCfg = Release|Win32
		{91E076C2-A62F-4299-9B4F-F306317181A6}.Release|x86.Build.0 = Release|Win32
	EndGlobalSection
	GlobalSection(SolutionProperties) = preSolution
		HideSolutionNode = FALSE
	EndGlobalSection
	GlobalSection(ExtensibilityGlobals) = postSolution
		SolutionGuid = {D71FCB8D-E5D4-4E14-BF6F-0F665CA71957}
	EndGlobalSection
EndGlobal
